// !$*UTF8*$!
{
	archiveVersion = 1;
	classes = {
	};
	objectVersion = 55;
	objects = {

/* Begin PBXBuildFile section */
		58CCE99528379CB900893069 /* war_gameApp.swift in Sources */ = {isa = PBXBuildFile; fileRef = 58CCE99428379CB900893069 /* war_gameApp.swift */; };
		58CCE99728379CB900893069 /* ContentView.swift in Sources */ = {isa = PBXBuildFile; fileRef = 58CCE99628379CB900893069 /* ContentView.swift */; };
		58CCE99928379CBB00893069 /* Assets.xcassets in Resources */ = {isa = PBXBuildFile; fileRef = 58CCE99828379CBB00893069 /* Assets.xcassets */; };
		58CCE99C28379CBB00893069 /* Preview Assets.xcassets in Resources */ = {isa = PBXBuildFile; fileRef = 58CCE99B28379CBB00893069 /* Preview Assets.xcassets */; };
		58CCE9A628379CBC00893069 /* war_gameTests.swift in Sources */ = {isa = PBXBuildFile; fileRef = 58CCE9A528379CBC00893069 /* war_gameTests.swift */; };
		58CCE9B028379CBC00893069 /* war_gameUITests.swift in Sources */ = {isa = PBXBuildFile; fileRef = 58CCE9AF28379CBC00893069 /* war_gameUITests.swift */; };
		58CCE9B228379CBC00893069 /* war_gameUITestsLaunchTests.swift in Sources */ = {isa = PBXBuildFile; fileRef = 58CCE9B128379CBC00893069 /* war_gameUITestsLaunchTests.swift */; };
/* End PBXBuildFile section */

/* Begin PBXContainerItemProxy section */
		58CCE9A228379CBC00893069 /* PBXContainerItemProxy */ = {
			isa = PBXContainerItemProxy;
			containerPortal = 58CCE98928379CB900893069 /* Project object */;
			proxyType = 1;
			remoteGlobalIDString = 58CCE99028379CB900893069;
			remoteInfo = "war-game";
		};
		58CCE9AC28379CBC00893069 /* PBXContainerItemProxy */ = {
			isa = PBXContainerItemProxy;
			containerPortal = 58CCE98928379CB900893069 /* Project object */;
			proxyType = 1;
			remoteGlobalIDString = 58CCE99028379CB900893069;
			remoteInfo = "war-game";
		};
/* End PBXContainerItemProxy section */

/* Begin PBXFileReference section */
		58CCE99128379CB900893069 /* war-game.app */ = {isa = PBXFileReference; explicitFileType = wrapper.application; includeInIndex = 0; path = "war-game.app"; sourceTree = BUILT_PRODUCTS_DIR; };
		58CCE99428379CB900893069 /* war_gameApp.swift */ = {isa = PBXFileReference; lastKnownFileType = sourcecode.swift; path = war_gameApp.swift; sourceTree = "<group>"; };
		58CCE99628379CB900893069 /* ContentView.swift */ = {isa = PBXFileReference; lastKnownFileType = sourcecode.swift; path = ContentView.swift; sourceTree = "<group>"; };
		58CCE99828379CBB00893069 /* Assets.xcassets */ = {isa = PBXFileReference; lastKnownFileType = folder.assetcatalog; path = Assets.xcassets; sourceTree = "<group>"; };
		58CCE99B28379CBB00893069 /* Preview Assets.xcassets */ = {isa = PBXFileReference; lastKnownFileType = folder.assetcatalog; path = "Preview Assets.xcassets"; sourceTree = "<group>"; };
		58CCE9A128379CBC00893069 /* war-gameTests.xctest */ = {isa = PBXFileReference; explicitFileType = wrapper.cfbundle; includeInIndex = 0; path = "war-gameTests.xctest"; sourceTree = BUILT_PRODUCTS_DIR; };
		58CCE9A528379CBC00893069 /* war_gameTests.swift */ = {isa = PBXFileReference; lastKnownFileType = sourcecode.swift; path = war_gameTests.swift; sourceTree = "<group>"; };
		58CCE9AB28379CBC00893069 /* war-gameUITests.xctest */ = {isa = PBXFileReference; explicitFileType = wrapper.cfbundle; includeInIndex = 0; path = "war-gameUITests.xctest"; sourceTree = BUILT_PRODUCTS_DIR; };
		58CCE9AF28379CBC00893069 /* war_gameUITests.swift */ = {isa = PBXFileReference; lastKnownFileType = sourcecode.swift; path = war_gameUITests.swift; sourceTree = "<group>"; };
		58CCE9B128379CBC00893069 /* war_gameUITestsLaunchTests.swift */ = {isa = PBXFileReference; lastKnownFileType = sourcecode.swift; path = war_gameUITestsLaunchTests.swift; sourceTree = "<group>"; };
/* End PBXFileReference section */

/* Begin PBXFrameworksBuildPhase section */
		58CCE98E28379CB900893069 /* Frameworks */ = {
			isa = PBXFrameworksBuildPhase;
			buildActionMask = 2147483647;
			files = (
			);
			runOnlyForDeploymentPostprocessing = 0;
		};
		58CCE99E28379CBC00893069 /* Frameworks */ = {
			isa = PBXFrameworksBuildPhase;
			buildActionMask = 2147483647;
			files = (
			);
			runOnlyForDeploymentPostprocessing = 0;
		};
		58CCE9A828379CBC00893069 /* Frameworks */ = {
			isa = PBXFrameworksBuildPhase;
			buildActionMask = 2147483647;
			files = (
			);
			runOnlyForDeploymentPostprocessing = 0;
		};
/* End PBXFrameworksBuildPhase section */

/* Begin PBXGroup section */
		58CCE98828379CB900893069 = {
			isa = PBXGroup;
			children = (
				58CCE99328379CB900893069 /* war-game */,
				58CCE9A428379CBC00893069 /* war-gameTests */,
				58CCE9AE28379CBC00893069 /* war-gameUITests */,
				58CCE99228379CB900893069 /* Products */,
			);
			sourceTree = "<group>";
		};
		58CCE99228379CB900893069 /* Products */ = {
			isa = PBXGroup;
			children = (
				58CCE99128379CB900893069 /* war-game.app */,
				58CCE9A128379CBC00893069 /* war-gameTests.xctest */,
				58CCE9AB28379CBC00893069 /* war-gameUITests.xctest */,
			);
			name = Products;
			sourceTree = "<group>";
		};
		58CCE99328379CB900893069 /* war-game */ = {
			isa = PBXGroup;
			children = (
				58CCE99428379CB900893069 /* war_gameApp.swift */,
				58CCE99628379CB900893069 /* ContentView.swift */,
				58CCE99828379CBB00893069 /* Assets.xcassets */,
				58CCE99A28379CBB00893069 /* Preview Content */,
			);
			path = "war-game";
			sourceTree = "<group>";
		};
		58CCE99A28379CBB00893069 /* Preview Content */ = {
			isa = PBXGroup;
			children = (
				58CCE99B28379CBB00893069 /* Preview Assets.xcassets */,
			);
			path = "Preview Content";
			sourceTree = "<group>";
		};
		58CCE9A428379CBC00893069 /* war-gameTests */ = {
			isa = PBXGroup;
			children = (
				58CCE9A528379CBC00893069 /* war_gameTests.swift */,
			);
			path = "war-gameTests";
			sourceTree = "<group>";
		};
		58CCE9AE28379CBC00893069 /* war-gameUITests */ = {
			isa = PBXGroup;
			children = (
				58CCE9AF28379CBC00893069 /* war_gameUITests.swift */,
				58CCE9B128379CBC00893069 /* war_gameUITestsLaunchTests.swift */,
			);
			path = "war-gameUITests";
			sourceTree = "<group>";
		};
/* End PBXGroup section */

/* Begin PBXNativeTarget section */
		58CCE99028379CB900893069 /* war-game */ = {
			isa = PBXNativeTarget;
			buildConfigurationList = 58CCE9B528379CBC00893069 /* Build configuration list for PBXNativeTarget "war-game" */;
			buildPhases = (
				58CCE98D28379CB900893069 /* Sources */,
				58CCE98E28379CB900893069 /* Frameworks */,
				58CCE98F28379CB900893069 /* Resources */,
			);
			buildRules = (
			);
			dependencies = (
			);
			name = "war-game";
			productName = "war-game";
			productReference = 58CCE99128379CB900893069 /* war-game.app */;
			productType = "com.apple.product-type.application";
		};
		58CCE9A028379CBC00893069 /* war-gameTests */ = {
			isa = PBXNativeTarget;
			buildConfigurationList = 58CCE9B828379CBC00893069 /* Build configuration list for PBXNativeTarget "war-gameTests" */;
			buildPhases = (
				58CCE99D28379CBC00893069 /* Sources */,
				58CCE99E28379CBC00893069 /* Frameworks */,
				58CCE99F28379CBC00893069 /* Resources */,
			);
			buildRules = (
			);
			dependencies = (
				58CCE9A328379CBC00893069 /* PBXTargetDependency */,
			);
			name = "war-gameTests";
			productName = "war-gameTests";
			productReference = 58CCE9A128379CBC00893069 /* war-gameTests.xctest */;
			productType = "com.apple.product-type.bundle.unit-test";
		};
		58CCE9AA28379CBC00893069 /* war-gameUITests */ = {
			isa = PBXNativeTarget;
			buildConfigurationList = 58CCE9BB28379CBC00893069 /* Build configuration list for PBXNativeTarget "war-gameUITests" */;
			buildPhases = (
				58CCE9A728379CBC00893069 /* Sources */,
				58CCE9A828379CBC00893069 /* Frameworks */,
				58CCE9A928379CBC00893069 /* Resources */,
			);
			buildRules = (
			);
			dependencies = (
				58CCE9AD28379CBC00893069 /* PBXTargetDependency */,
			);
			name = "war-gameUITests";
			productName = "war-gameUITests";
			productReference = 58CCE9AB28379CBC00893069 /* war-gameUITests.xctest */;
			productType = "com.apple.product-type.bundle.ui-testing";
		};
/* End PBXNativeTarget section */

/* Begin PBXProject section */
		58CCE98928379CB900893069 /* Project object */ = {
			isa = PBXProject;
			attributes = {
				BuildIndependentTargetsInParallel = 1;
				LastSwiftUpdateCheck = 1330;
				LastUpgradeCheck = 1330;
				TargetAttributes = {
					58CCE99028379CB900893069 = {
						CreatedOnToolsVersion = 13.3;
					};
					58CCE9A028379CBC00893069 = {
						CreatedOnToolsVersion = 13.3;
						TestTargetID = 58CCE99028379CB900893069;
					};
					58CCE9AA28379CBC00893069 = {
						CreatedOnToolsVersion = 13.3;
						TestTargetID = 58CCE99028379CB900893069;
					};
				};
			};
			buildConfigurationList = 58CCE98C28379CB900893069 /* Build configuration list for PBXProject "war-game" */;
			compatibilityVersion = "Xcode 13.0";
			developmentRegion = en;
			hasScannedForEncodings = 0;
			knownRegions = (
				en,
				Base,
			);
			mainGroup = 58CCE98828379CB900893069;
			productRefGroup = 58CCE99228379CB900893069 /* Products */;
			projectDirPath = "";
			projectRoot = "";
			targets = (
				58CCE99028379CB900893069 /* war-game */,
				58CCE9A028379CBC00893069 /* war-gameTests */,
				58CCE9AA28379CBC00893069 /* war-gameUITests */,
			);
		};
/* End PBXProject section */

/* Begin PBXResourcesBuildPhase section */
		58CCE98F28379CB900893069 /* Resources */ = {
			isa = PBXResourcesBuildPhase;
			buildActionMask = 2147483647;
			files = (
				58CCE99C28379CBB00893069 /* Preview Assets.xcassets in Resources */,
				58CCE99928379CBB00893069 /* Assets.xcassets in Resources */,
			);
			runOnlyForDeploymentPostprocessing = 0;
		};
		58CCE99F28379CBC00893069 /* Resources */ = {
			isa = PBXResourcesBuildPhase;
			buildActionMask = 2147483647;
			files = (
			);
			runOnlyForDeploymentPostprocessing = 0;
		};
		58CCE9A928379CBC00893069 /* Resources */ = {
			isa = PBXResourcesBuildPhase;
			buildActionMask = 2147483647;
			files = (
			);
			runOnlyForDeploymentPostprocessing = 0;
		};
/* End PBXResourcesBuildPhase section */

/* Begin PBXSourcesBuildPhase section */
		58CCE98D28379CB900893069 /* Sources */ = {
			isa = PBXSourcesBuildPhase;
			buildActionMask = 2147483647;
			files = (
				58CCE99728379CB900893069 /* ContentView.swift in Sources */,
				58CCE99528379CB900893069 /* war_gameApp.swift in Sources */,
			);
			runOnlyForDeploymentPostprocessing = 0;
		};
		58CCE99D28379CBC00893069 /* Sources */ = {
			isa = PBXSourcesBuildPhase;
			buildActionMask = 2147483647;
			files = (
				58CCE9A628379CBC00893069 /* war_gameTests.swift in Sources */,
			);
			runOnlyForDeploymentPostprocessing = 0;
		};
		58CCE9A728379CBC00893069 /* Sources */ = {
			isa = PBXSourcesBuildPhase;
			buildActionMask = 2147483647;
			files = (
				58CCE9B228379CBC00893069 /* war_gameUITestsLaunchTests.swift in Sources */,
				58CCE9B028379CBC00893069 /* war_gameUITests.swift in Sources */,
			);
			runOnlyForDeploymentPostprocessing = 0;
		};
/* End PBXSourcesBuildPhase section */

/* Begin PBXTargetDependency section */
		58CCE9A328379CBC00893069 /* PBXTargetDependency */ = {
			isa = PBXTargetDependency;
			target = 58CCE99028379CB900893069 /* war-game */;
			targetProxy = 58CCE9A228379CBC00893069 /* PBXContainerItemProxy */;
		};
		58CCE9AD28379CBC00893069 /* PBXTargetDependency */ = {
			isa = PBXTargetDependency;
			target = 58CCE99028379CB900893069 /* war-game */;
			targetProxy = 58CCE9AC28379CBC00893069 /* PBXContainerItemProxy */;
		};
/* End PBXTargetDependency section */

/* Begin XCBuildConfiguration section */
		58CCE9B328379CBC00893069 /* Debug */ = {
			isa = XCBuildConfiguration;
			buildSettings = {
				ALWAYS_SEARCH_USER_PATHS = NO;
				CLANG_ANALYZER_NONNULL = YES;
				CLANG_ANALYZER_NUMBER_OBJECT_CONVERSION = YES_AGGRESSIVE;
				CLANG_CXX_LANGUAGE_STANDARD = "gnu++17";
				CLANG_ENABLE_MODULES = YES;
				CLANG_ENABLE_OBJC_ARC = YES;
				CLANG_ENABLE_OBJC_WEAK = YES;
				CLANG_WARN_BLOCK_CAPTURE_AUTORELEASING = YES;
				CLANG_WARN_BOOL_CONVERSION = YES;
				CLANG_WARN_COMMA = YES;
				CLANG_WARN_CONSTANT_CONVERSION = YES;
				CLANG_WARN_DEPRECATED_OBJC_IMPLEMENTATIONS = YES;
				CLANG_WARN_DIRECT_OBJC_ISA_USAGE = YES_ERROR;
				CLANG_WARN_DOCUMENTATION_COMMENTS = YES;
				CLANG_WARN_EMPTY_BODY = YES;
				CLANG_WARN_ENUM_CONVERSION = YES;
				CLANG_WARN_INFINITE_RECURSION = YES;
				CLANG_WARN_INT_CONVERSION = YES;
				CLANG_WARN_NON_LITERAL_NULL_CONVERSION = YES;
				CLANG_WARN_OBJC_IMPLICIT_RETAIN_SELF = YES;
				CLANG_WARN_OBJC_LITERAL_CONVERSION = YES;
				CLANG_WARN_OBJC_ROOT_CLASS = YES_ERROR;
				CLANG_WARN_QUOTED_INCLUDE_IN_FRAMEWORK_HEADER = YES;
				CLANG_WARN_RANGE_LOOP_ANALYSIS = YES;
				CLANG_WARN_STRICT_PROTOTYPES = YES;
				CLANG_WARN_SUSPICIOUS_MOVE = YES;
				CLANG_WARN_UNGUARDED_AVAILABILITY = YES_AGGRESSIVE;
				CLANG_WARN_UNREACHABLE_CODE = YES;
				CLANG_WARN__DUPLICATE_METHOD_MATCH = YES;
				COPY_PHASE_STRIP = NO;
				DEBUG_INFORMATION_FORMAT = dwarf;
				ENABLE_STRICT_OBJC_MSGSEND = YES;
				ENABLE_TESTABILITY = YES;
				GCC_C_LANGUAGE_STANDARD = gnu11;
				GCC_DYNAMIC_NO_PIC = NO;
				GCC_NO_COMMON_BLOCKS = YES;
				GCC_OPTIMIZATION_LEVEL = 0;
				GCC_PREPROCESSOR_DEFINITIONS = (
					"DEBUG=1",
					"$(inherited)",
				);
				GCC_WARN_64_TO_32_BIT_CONVERSION = YES;
				GCC_WARN_ABOUT_RETURN_TYPE = YES_ERROR;
				GCC_WARN_UNDECLARED_SELECTOR = YES;
				GCC_WARN_UNINITIALIZED_AUTOS = YES_AGGRESSIVE;
				GCC_WARN_UNUSED_FUNCTION = YES;
				GCC_WARN_UNUSED_VARIABLE = YES;
				IPHONEOS_DEPLOYMENT_TARGET = 15.4;
				MTL_ENABLE_DEBUG_INFO = INCLUDE_SOURCE;
				MTL_FAST_MATH = YES;
				ONLY_ACTIVE_ARCH = YES;
				SDKROOT = iphoneos;
				SWIFT_ACTIVE_COMPILATION_CONDITIONS = DEBUG;
				SWIFT_OPTIMIZATION_LEVEL = "-Onone";
			};
			name = Debug;
		};
		58CCE9B428379CBC00893069 /* Release */ = {
			isa = XCBuildConfiguration;
			buildSettings = {
				ALWAYS_SEARCH_USER_PATHS = NO;
				CLANG_ANALYZER_NONNULL = YES;
				CLANG_ANALYZER_NUMBER_OBJECT_CONVERSION = YES_AGGRESSIVE;
				CLANG_CXX_LANGUAGE_STANDARD = "gnu++17";
				CLANG_ENABLE_MODULES = YES;
				CLANG_ENABLE_OBJC_ARC = YES;
				CLANG_ENABLE_OBJC_WEAK = YES;
				CLANG_WARN_BLOCK_CAPTURE_AUTORELEASING = YES;
				CLANG_WARN_BOOL_CONVERSION = YES;
				CLANG_WARN_COMMA = YES;
				CLANG_WARN_CONSTANT_CONVERSION = YES;
				CLANG_WARN_DEPRECATED_OBJC_IMPLEMENTATIONS = YES;
				CLANG_WARN_DIRECT_OBJC_ISA_USAGE = YES_ERROR;
				CLANG_WARN_DOCUMENTATION_COMMENTS = YES;
				CLANG_WARN_EMPTY_BODY = YES;
				CLANG_WARN_ENUM_CONVERSION = YES;
				CLANG_WARN_INFINITE_RECURSION = YES;
				CLANG_WARN_INT_CONVERSION = YES;
				CLANG_WARN_NON_LITERAL_NULL_CONVERSION = YES;
				CLANG_WARN_OBJC_IMPLICIT_RETAIN_SELF = YES;
				CLANG_WARN_OBJC_LITERAL_CONVERSION = YES;
				CLANG_WARN_OBJC_ROOT_CLASS = YES_ERROR;
				CLANG_WARN_QUOTED_INCLUDE_IN_FRAMEWORK_HEADER = YES;
				CLANG_WARN_RANGE_LOOP_ANALYSIS = YES;
				CLANG_WARN_STRICT_PROTOTYPES = YES;
				CLANG_WARN_SUSPICIOUS_MOVE = YES;
				CLANG_WARN_UNGUARDED_AVAILABILITY = YES_AGGRESSIVE;
				CLANG_WARN_UNREACHABLE_CODE = YES;
				CLANG_WARN__DUPLICATE_METHOD_MATCH = YES;
				COPY_PHASE_STRIP = NO;
				DEBUG_INFORMATION_FORMAT = "dwarf-with-dsym";
				ENABLE_NS_ASSERTIONS = NO;
				ENABLE_STRICT_OBJC_MSGSEND = YES;
				GCC_C_LANGUAGE_STANDARD = gnu11;
				GCC_NO_COMMON_BLOCKS = YES;
				GCC_WARN_64_TO_32_BIT_CONVERSION = YES;
				GCC_WARN_ABOUT_RETURN_TYPE = YES_ERROR;
				GCC_WARN_UNDECLARED_SELECTOR = YES;
				GCC_WARN_UNINITIALIZED_AUTOS = YES_AGGRESSIVE;
				GCC_WARN_UNUSED_FUNCTION = YES;
				GCC_WARN_UNUSED_VARIABLE = YES;
				IPHONEOS_DEPLOYMENT_TARGET = 15.4;
				MTL_ENABLE_DEBUG_INFO = NO;
				MTL_FAST_MATH = YES;
				SDKROOT = iphoneos;
				SWIFT_COMPILATION_MODE = wholemodule;
				SWIFT_OPTIMIZATION_LEVEL = "-O";
				VALIDATE_PRODUCT = YES;
			};
			name = Release;
		};
		58CCE9B628379CBC00893069 /* Debug */ = {
			isa = XCBuildConfiguration;
			buildSettings = {
				ASSETCATALOG_COMPILER_APPICON_NAME = AppIcon;
				ASSETCATALOG_COMPILER_GLOBAL_ACCENT_COLOR_NAME = AccentColor;
				CODE_SIGN_STYLE = Automatic;
				CURRENT_PROJECT_VERSION = 1;
				DEVELOPMENT_ASSET_PATHS = "\"war-game/Preview Content\"";
				ENABLE_PREVIEWS = YES;
				GENERATE_INFOPLIST_FILE = YES;
				INFOPLIST_KEY_UIApplicationSceneManifest_Generation = YES;
				INFOPLIST_KEY_UIApplicationSupportsIndirectInputEvents = YES;
				INFOPLIST_KEY_UILaunchScreen_Generation = YES;
				INFOPLIST_KEY_UISupportedInterfaceOrientations_iPad = "UIInterfaceOrientationPortrait UIInterfaceOrientationPortraitUpsideDown UIInterfaceOrientationLandscapeLeft UIInterfaceOrientationLandscapeRight";
				INFOPLIST_KEY_UISupportedInterfaceOrientations_iPhone = "UIInterfaceOrientationPortrait UIInterfaceOrientationLandscapeLeft UIInterfaceOrientationLandscapeRight";
				LD_RUNPATH_SEARCH_PATHS = (
					"$(inherited)",
					"@executable_path/Frameworks",
				);
				MARKETING_VERSION = 1.0;
				PRODUCT_BUNDLE_IDENTIFIER = "vhh.war-game";
				PRODUCT_NAME = "$(TARGET_NAME)";
				SWIFT_EMIT_LOC_STRINGS = YES;
				SWIFT_VERSION = 5.0;
				TARGETED_DEVICE_FAMILY = "1,2";
			};
			name = Debug;
		};
		58CCE9B728379CBC00893069 /* Release */ = {
			isa = XCBuildConfiguration;
			buildSettings = {
				ASSETCATALOG_COMPILER_APPICON_NAME = AppIcon;
				ASSETCATALOG_COMPILER_GLOBAL_ACCENT_COLOR_NAME = AccentColor;
				CODE_SIGN_STYLE = Automatic;
				CURRENT_PROJECT_VERSION = 1;
				DEVELOPMENT_ASSET_PATHS = "\"war-game/Preview Content\"";
				ENABLE_PREVIEWS = YES;
				GENERATE_INFOPLIST_FILE = YES;
				INFOPLIST_KEY_UIApplicationSceneManifest_Generation = YES;
				INFOPLIST_KEY_UIApplicationSupportsIndirectInputEvents = YES;
				INFOPLIST_KEY_UILaunchScreen_Generation = YES;
				INFOPLIST_KEY_UISupportedInterfaceOrientations_iPad = "UIInterfaceOrientationPortrait UIInterfaceOrientationPortraitUpsideDown UIInterfaceOrientationLandscapeLeft UIInterfaceOrientationLandscapeRight";
				INFOPLIST_KEY_UISupportedInterfaceOrientations_iPhone = "UIInterfaceOrientationPortrait UIInterfaceOrientationLandscapeLeft UIInterfaceOrientationLandscapeRight";
				LD_RUNPATH_SEARCH_PATHS = (
					"$(inherited)",
					"@executable_path/Frameworks",
				);
				MARKETING_VERSION = 1.0;
				PRODUCT_BUNDLE_IDENTIFIER = "vhh.war-game";
				PRODUCT_NAME = "$(TARGET_NAME)";
				SWIFT_EMIT_LOC_STRINGS = YES;
				SWIFT_VERSION = 5.0;
				TARGETED_DEVICE_FAMILY = "1,2";
			};
			name = Release;
		};
		58CCE9B928379CBC00893069 /* Debug */ = {
			isa = XCBuildConfiguration;
			buildSettings = {
				ALWAYS_EMBED_SWIFT_STANDARD_LIBRARIES = YES;
				BUNDLE_LOADER = "$(TEST_HOST)";
				CODE_SIGN_STYLE = Automatic;
				CURRENT_PROJECT_VERSION = 1;
				GENERATE_INFOPLIST_FILE = YES;
				IPHONEOS_DEPLOYMENT_TARGET = 15.4;
				MARKETING_VERSION = 1.0;
				PRODUCT_BUNDLE_IDENTIFIER = "vhh.war-gameTests";
				PRODUCT_NAME = "$(TARGET_NAME)";
				SWIFT_EMIT_LOC_STRINGS = NO;
				SWIFT_VERSION = 5.0;
				TARGETED_DEVICE_FAMILY = "1,2";
				TEST_HOST = "$(BUILT_PRODUCTS_DIR)/war-game.app/war-game";
			};
			name = Debug;
		};
		58CCE9BA28379CBC00893069 /* Release */ = {
			isa = XCBuildConfiguration;
			buildSettings = {
				ALWAYS_EMBED_SWIFT_STANDARD_LIBRARIES = YES;
				BUNDLE_LOADER = "$(TEST_HOST)";
				CODE_SIGN_STYLE = Automatic;
				CURRENT_PROJECT_VERSION = 1;
				GENERATE_INFOPLIST_FILE = YES;
				IPHONEOS_DEPLOYMENT_TARGET = 15.4;
				MARKETING_VERSION = 1.0;
				PRODUCT_BUNDLE_IDENTIFIER = "vhh.war-gameTests";
				PRODUCT_NAME = "$(TARGET_NAME)";
				SWIFT_EMIT_LOC_STRINGS = NO;
				SWIFT_VERSION = 5.0;
				TARGETED_DEVICE_FAMILY = "1,2";
				TEST_HOST = "$(BUILT_PRODUCTS_DIR)/war-game.app/war-game";
			};
			name = Release;
		};
		58CCE9BC28379CBC00893069 /* Debug */ = {
			isa = XCBuildConfiguration;
			buildSettings = {
				ALWAYS_EMBED_SWIFT_STANDARD_LIBRARIES = YES;
				CODE_SIGN_STYLE = Automatic;
				CURRENT_PROJECT_VERSION = 1;
				GENERATE_INFOPLIST_FILE = YES;
				MARKETING_VERSION = 1.0;
				PRODUCT_BUNDLE_IDENTIFIER = "vhh.war-gameUITests";
				PRODUCT_NAME = "$(TARGET_NAME)";
				SWIFT_EMIT_LOC_STRINGS = NO;
				SWIFT_VERSION = 5.0;
				TARGETED_DEVICE_FAMILY = "1,2";
				TEST_TARGET_NAME = "war-game";
			};
			name = Debug;
		};
		58CCE9BD28379CBC00893069 /* Release */ = {
			isa = XCBuildConfiguration;
			buildSettings = {
				ALWAYS_EMBED_SWIFT_STANDARD_LIBRARIES = YES;
				CODE_SIGN_STYLE = Automatic;
				CURRENT_PROJECT_VERSION = 1;
				GENERATE_INFOPLIST_FILE = YES;
				MARKETING_VERSION = 1.0;
				PRODUCT_BUNDLE_IDENTIFIER = "vhh.war-gameUITests";
				PRODUCT_NAME = "$(TARGET_NAME)";
				SWIFT_EMIT_LOC_STRINGS = NO;
				SWIFT_VERSION = 5.0;
				TARGETED_DEVICE_FAMILY = "1,2";
				TEST_TARGET_NAME = "war-game";
			};
			name = Release;
		};
/* End XCBuildConfiguration section */

/* Begin XCConfigurationList section */
		58CCE98C28379CB900893069 /* Build configuration list for PBXProject "war-game" */ = {
			isa = XCConfigurationList;
			buildConfigurations = (
				58CCE9B328379CBC00893069 /* Debug */,
				58CCE9B428379CBC00893069 /* Release */,
			);
			defaultConfigurationIsVisible = 0;
			defaultConfigurationName = Release;
		};
		58CCE9B528379CBC00893069 /* Build configuration list for PBXNativeTarget "war-game" */ = {
			isa = XCConfigurationList;
			buildConfigurations = (
				58CCE9B628379CBC00893069 /* Debug */,
				58CCE9B728379CBC00893069 /* Release */,
			);
			defaultConfigurationIsVisible = 0;
			defaultConfigurationName = Release;
		};
		58CCE9B828379CBC00893069 /* Build configuration list for PBXNativeTarget "war-gameTests" */ = {
			isa = XCConfigurationList;
			buildConfigurations = (
				58CCE9B928379CBC00893069 /* Debug */,
				58CCE9BA28379CBC00893069 /* Release */,
			);
			defaultConfigurationIsVisible = 0;
			defaultConfigurationName = Release;
		};
		58CCE9BB28379CBC00893069 /* Build configuration list for PBXNativeTarget "war-gameUITests" */ = {
			isa = XCConfigurationList;
			buildConfigurations = (
				58CCE9BC28379CBC00893069 /* Debug */,
				58CCE9BD28379CBC00893069 /* Release */,
			);
			defaultConfigurationIsVisible = 0;
			defaultConfigurationName = Release;
		};
/* End XCConfigurationList section */
	};
	rootObject = 58CCE98928379CB900893069 /* Project object */;
}
